// !$*UTF8*$!
{
	archiveVersion = 1;
	classes = {
	};
	objectVersion = 56;
	objects = {

/* Begin PBXBuildFile section */
		5264A9342BD3102D0032CECC /* main.cpp in Sources */ = {isa = PBXBuildFile; fileRef = 5264A9332BD3102D0032CECC /* main.cpp */; };
		5264A9422BD310800032CECC /* imageBinaryData.cpp in Sources */ = {isa = PBXBuildFile; fileRef = 5264A9412BD310800032CECC /* imageBinaryData.cpp */; };
/* End PBXBuildFile section */

/* Begin PBXCopyFilesBuildPhase section */
		5264A9242BD30FEF0032CECC /* CopyFiles */ = {
			isa = PBXCopyFilesBuildPhase;
			buildActionMask = 2147483647;
			dstPath = /usr/share/man/man1/;
			dstSubfolderSpec = 0;
			files = (
			);
			runOnlyForDeploymentPostprocessing = 1;
		};
		5264A92F2BD3102D0032CECC /* CopyFiles */ = {
			isa = PBXCopyFilesBuildPhase;
			buildActionMask = 2147483647;
			dstPath = /usr/share/man/man1/;
			dstSubfolderSpec = 0;
			files = (
			);
			runOnlyForDeploymentPostprocessing = 1;
		};
		5264B63C2BD19F5E00730D3D /* CopyFiles */ = {
			isa = PBXCopyFilesBuildPhase;
			buildActionMask = 2147483647;
			dstPath = /usr/share/man/man1/;
			dstSubfolderSpec = 0;
			files = (
			);
			runOnlyForDeploymentPostprocessing = 1;
		};
/* End PBXCopyFilesBuildPhase section */

/* Begin PBXFileReference section */
		5264A9262BD30FEF0032CECC /* Filters */ = {isa = PBXFileReference; explicitFileType = "compiled.mach-o.executable"; includeInIndex = 0; path = Filters; sourceTree = BUILT_PRODUCTS_DIR; };
		5264A9312BD3102D0032CECC /* src */ = {isa = PBXFileReference; explicitFileType = "compiled.mach-o.executable"; includeInIndex = 0; path = src; sourceTree = BUILT_PRODUCTS_DIR; };
		5264A9332BD3102D0032CECC /* main.cpp */ = {isa = PBXFileReference; lastKnownFileType = sourcecode.cpp.cpp; path = main.cpp; sourceTree = "<group>"; };
		5264A9392BD310480032CECC /* errorHandling.hpp */ = {isa = PBXFileReference; lastKnownFileType = sourcecode.cpp.h; path = errorHandling.hpp; sourceTree = "<group>"; };
		5264A93A2BD310480032CECC /* inputChecks.hpp */ = {isa = PBXFileReference; lastKnownFileType = sourcecode.cpp.h; path = inputChecks.hpp; sourceTree = "<group>"; };
		5264A93B2BD310480032CECC /* inputChecks.cpp */ = {isa = PBXFileReference; lastKnownFileType = sourcecode.cpp.cpp; path = inputChecks.cpp; sourceTree = "<group>"; };
		5264A93C2BD310480032CECC /* errorHandling.cpp */ = {isa = PBXFileReference; lastKnownFileType = sourcecode.cpp.cpp; path = errorHandling.cpp; sourceTree = "<group>"; };
		5264A93E2BD310720032CECC /* fileRedirection.cpp */ = {isa = PBXFileReference; lastKnownFileType = sourcecode.cpp.cpp; path = fileRedirection.cpp; sourceTree = "<group>"; };
		5264A93F2BD310720032CECC /* fileRedirection.hpp */ = {isa = PBXFileReference; lastKnownFileType = sourcecode.cpp.h; path = fileRedirection.hpp; sourceTree = "<group>"; };
		5264A9402BD310760032CECC /* imageBinaryData.hpp */ = {isa = PBXFileReference; lastKnownFileType = sourcecode.cpp.h; path = imageBinaryData.hpp; sourceTree = "<group>"; };
		5264A9412BD310800032CECC /* imageBinaryData.cpp */ = {isa = PBXFileReference; lastKnownFileType = sourcecode.cpp.cpp; path = imageBinaryData.cpp; sourceTree = "<group>"; };
		5264B63E2BD19F5E00730D3D /* ImageFilters */ = {isa = PBXFileReference; explicitFileType = "compiled.mach-o.executable"; includeInIndex = 0; path = ImageFilters; sourceTree = BUILT_PRODUCTS_DIR; };
/* End PBXFileReference section */

/* Begin PBXFrameworksBuildPhase section */
		5264A9232BD30FEF0032CECC /* Frameworks */ = {
			isa = PBXFrameworksBuildPhase;
			buildActionMask = 2147483647;
			files = (
			);
			runOnlyForDeploymentPostprocessing = 0;
		};
		5264A92E2BD3102D0032CECC /* Frameworks */ = {
			isa = PBXFrameworksBuildPhase;
			buildActionMask = 2147483647;
			files = (
			);
			runOnlyForDeploymentPostprocessing = 0;
		};
		5264B63B2BD19F5E00730D3D /* Frameworks */ = {
			isa = PBXFrameworksBuildPhase;
			buildActionMask = 2147483647;
			files = (
			);
			runOnlyForDeploymentPostprocessing = 0;
		};
/* End PBXFrameworksBuildPhase section */

/* Begin PBXGroup section */
		5264A9322BD3102D0032CECC /* src */ = {
			isa = PBXGroup;
			children = (
				5264A9412BD310800032CECC /* imageBinaryData.cpp */,
				5264A9402BD310760032CECC /* imageBinaryData.hpp */,
				5264A93D2BD310720032CECC /* utils */,
				5264A9382BD310480032CECC /* errorHandling */,
				5264A9332BD3102D0032CECC /* main.cpp */,
			);
			path = src;
			sourceTree = "<group>";
		};
		5264A9382BD310480032CECC /* errorHandling */ = {
			isa = PBXGroup;
			children = (
				5264A9392BD310480032CECC /* errorHandling.hpp */,
				5264A93A2BD310480032CECC /* inputChecks.hpp */,
				5264A93B2BD310480032CECC /* inputChecks.cpp */,
				5264A93C2BD310480032CECC /* errorHandling.cpp */,
			);
			path = errorHandling;
			sourceTree = "<group>";
		};
		5264A93D2BD310720032CECC /* utils */ = {
			isa = PBXGroup;
			children = (
				5264A93E2BD310720032CECC /* fileRedirection.cpp */,
				5264A93F2BD310720032CECC /* fileRedirection.hpp */,
			);
			path = utils;
			sourceTree = "<group>";
		};
		5264B6352BD19F5E00730D3D = {
			isa = PBXGroup;
			children = (
				5264A9322BD3102D0032CECC /* src */,
				5264B63F2BD19F5E00730D3D /* Products */,
			);
			sourceTree = "<group>";
		};
		5264B63F2BD19F5E00730D3D /* Products */ = {
			isa = PBXGroup;
			children = (
				5264B63E2BD19F5E00730D3D /* ImageFilters */,
				5264A9262BD30FEF0032CECC /* Filters */,
				5264A9312BD3102D0032CECC /* src */,
			);
			name = Products;
			sourceTree = "<group>";
		};
/* End PBXGroup section */

/* Begin PBXNativeTarget section */
		5264A9252BD30FEF0032CECC /* Filters */ = {
			isa = PBXNativeTarget;
			buildConfigurationList = 5264A92A2BD30FEF0032CECC /* Build configuration list for PBXNativeTarget "Filters" */;
			buildPhases = (
				5264A9222BD30FEF0032CECC /* Sources */,
				5264A9232BD30FEF0032CECC /* Frameworks */,
				5264A9242BD30FEF0032CECC /* CopyFiles */,
			);
			buildRules = (
			);
			dependencies = (
			);
			name = Filters;
			productName = Filters;
			productReference = 5264A9262BD30FEF0032CECC /* Filters */;
			productType = "com.apple.product-type.tool";
		};
		5264A9302BD3102D0032CECC /* src */ = {
			isa = PBXNativeTarget;
			buildConfigurationList = 5264A9352BD3102D0032CECC /* Build configuration list for PBXNativeTarget "src" */;
			buildPhases = (
				5264A92D2BD3102D0032CECC /* Sources */,
				5264A92E2BD3102D0032CECC /* Frameworks */,
				5264A92F2BD3102D0032CECC /* CopyFiles */,
			);
			buildRules = (
			);
			dependencies = (
			);
			name = src;
			productName = src;
			productReference = 5264A9312BD3102D0032CECC /* src */;
			productType = "com.apple.product-type.tool";
		};
		5264B63D2BD19F5E00730D3D /* ImageFilters */ = {
			isa = PBXNativeTarget;
			buildConfigurationList = 5264B6452BD19F5E00730D3D /* Build configuration list for PBXNativeTarget "ImageFilters" */;
			buildPhases = (
				5264B63A2BD19F5E00730D3D /* Sources */,
				5264B63B2BD19F5E00730D3D /* Frameworks */,
				5264B63C2BD19F5E00730D3D /* CopyFiles */,
			);
			buildRules = (
			);
			dependencies = (
			);
			name = ImageFilters;
			productName = ImageFilters;
			productReference = 5264B63E2BD19F5E00730D3D /* ImageFilters */;
			productType = "com.apple.product-type.tool";
		};
/* End PBXNativeTarget section */

/* Begin PBXProject section */
		5264B6362BD19F5E00730D3D /* Project object */ = {
			isa = PBXProject;
			attributes = {
				BuildIndependentTargetsInParallel = 1;
				LastUpgradeCheck = 1510;
				TargetAttributes = {
					5264A9252BD30FEF0032CECC = {
						CreatedOnToolsVersion = 15.1;
					};
					5264A9302BD3102D0032CECC = {
						CreatedOnToolsVersion = 15.1;
					};
					5264B63D2BD19F5E00730D3D = {
						CreatedOnToolsVersion = 15.1;
					};
				};
			};
			buildConfigurationList = 5264B6392BD19F5E00730D3D /* Build configuration list for PBXProject "ImageFilters" */;
			compatibilityVersion = "Xcode 14.0";
			developmentRegion = en;
			hasScannedForEncodings = 0;
			knownRegions = (
				en,
				Base,
			);
			mainGroup = 5264B6352BD19F5E00730D3D;
			productRefGroup = 5264B63F2BD19F5E00730D3D /* Products */;
			projectDirPath = "";
			projectRoot = "";
			targets = (
				5264B63D2BD19F5E00730D3D /* ImageFilters */,
				5264A9252BD30FEF0032CECC /* Filters */,
				5264A9302BD3102D0032CECC /* src */,
			);
		};
/* End PBXProject section */

/* Begin PBXSourcesBuildPhase section */
		5264A9222BD30FEF0032CECC /* Sources */ = {
			isa = PBXSourcesBuildPhase;
			buildActionMask = 2147483647;
			files = (
			);
			runOnlyForDeploymentPostprocessing = 0;
		};
		5264A92D2BD3102D0032CECC /* Sources */ = {
			isa = PBXSourcesBuildPhase;
			buildActionMask = 2147483647;
			files = (
				5264A9422BD310800032CECC /* imageBinaryData.cpp in Sources */,
				5264A9342BD3102D0032CECC /* main.cpp in Sources */,
			);
			runOnlyForDeploymentPostprocessing = 0;
		};
		5264B63A2BD19F5E00730D3D /* Sources */ = {
			isa = PBXSourcesBuildPhase;
			buildActionMask = 2147483647;
			files = (
			);
			runOnlyForDeploymentPostprocessing = 0;
		};
/* End PBXSourcesBuildPhase section */

/* Begin XCBuildConfiguration section */
		5264A92B2BD30FEF0032CECC /* Debug */ = {
			isa = XCBuildConfiguration;
			buildSettings = {
				CODE_SIGN_STYLE = Automatic;
				PRODUCT_NAME = "$(TARGET_NAME)";
			};
			name = Debug;
		};
		5264A92C2BD30FEF0032CECC /* Release */ = {
			isa = XCBuildConfiguration;
			buildSettings = {
				CODE_SIGN_STYLE = Automatic;
				PRODUCT_NAME = "$(TARGET_NAME)";
			};
			name = Release;
		};
		5264A9362BD3102D0032CECC /* Debug */ = {
			isa = XCBuildConfiguration;
			buildSettings = {
				CODE_SIGN_STYLE = Automatic;
				PRODUCT_NAME = "$(TARGET_NAME)";
			};
			name = Debug;
		};
		5264A9372BD3102D0032CECC /* Release */ = {
			isa = XCBuildConfiguration;
			buildSettings = {
				CODE_SIGN_STYLE = Automatic;
				PRODUCT_NAME = "$(TARGET_NAME)";
			};
			name = Release;
		};
		5264B6432BD19F5E00730D3D /* Debug */ = {
			isa = XCBuildConfiguration;
			buildSettings = {
				ALWAYS_SEARCH_USER_PATHS = NO;
				ASSETCATALOG_COMPILER_GENERATE_SWIFT_ASSET_SYMBOL_EXTENSIONS = YES;
				CLANG_ANALYZER_NONNULL = YES;
				CLANG_ANALYZER_NUMBER_OBJECT_CONVERSION = YES_AGGRESSIVE;
				CLANG_CXX_LANGUAGE_STANDARD = "gnu++20";
				CLANG_ENABLE_MODULES = YES;
				CLANG_ENABLE_OBJC_ARC = YES;
				CLANG_ENABLE_OBJC_WEAK = YES;
				CLANG_WARN_BLOCK_CAPTURE_AUTORELEASING = YES;
				CLANG_WARN_BOOL_CONVERSION = YES;
				CLANG_WARN_COMMA = YES;
				CLANG_WARN_CONSTANT_CONVERSION = YES;
				CLANG_WARN_DEPRECATED_OBJC_IMPLEMENTATIONS = YES;
				CLANG_WARN_DIRECT_OBJC_ISA_USAGE = YES_ERROR;
				CLANG_WARN_DOCUMENTATION_COMMENTS = YES;
				CLANG_WARN_EMPTY_BODY = YES;
				CLANG_WARN_ENUM_CONVERSION = YES;
				CLANG_WARN_INFINITE_RECURSION = YES;
				CLANG_WARN_INT_CONVERSION = YES;
				CLANG_WARN_NON_LITERAL_NULL_CONVERSION = YES;
				CLANG_WARN_OBJC_IMPLICIT_RETAIN_SELF = YES;
				CLANG_WARN_OBJC_LITERAL_CONVERSION = YES;
				CLANG_WARN_OBJC_ROOT_CLASS = YES_ERROR;
				CLANG_WARN_QUOTED_INCLUDE_IN_FRAMEWORK_HEADER = YES;
				CLANG_WARN_RANGE_LOOP_ANALYSIS = YES;
				CLANG_WARN_STRICT_PROTOTYPES = YES;
				CLANG_WARN_SUSPICIOUS_MOVE = YES;
				CLANG_WARN_UNGUARDED_AVAILABILITY = YES_AGGRESSIVE;
				CLANG_WARN_UNREACHABLE_CODE = YES;
				CLANG_WARN__DUPLICATE_METHOD_MATCH = YES;
				COPY_PHASE_STRIP = NO;
				DEBUG_INFORMATION_FORMAT = dwarf;
				ENABLE_STRICT_OBJC_MSGSEND = YES;
				ENABLE_TESTABILITY = YES;
				ENABLE_USER_SCRIPT_SANDBOXING = YES;
				GCC_C_LANGUAGE_STANDARD = gnu17;
				GCC_DYNAMIC_NO_PIC = NO;
				GCC_NO_COMMON_BLOCKS = YES;
				GCC_OPTIMIZATION_LEVEL = 0;
				GCC_PREPROCESSOR_DEFINITIONS = (
					"DEBUG=1",
					"$(inherited)",
				);
				GCC_WARN_64_TO_32_BIT_CONVERSION = YES;
				GCC_WARN_ABOUT_RETURN_TYPE = YES_ERROR;
				GCC_WARN_UNDECLARED_SELECTOR = YES;
				GCC_WARN_UNINITIALIZED_AUTOS = YES_AGGRESSIVE;
				GCC_WARN_UNUSED_FUNCTION = YES;
				GCC_WARN_UNUSED_VARIABLE = YES;
				LOCALIZATION_PREFERS_STRING_CATALOGS = YES;
				MACOSX_DEPLOYMENT_TARGET = 14.2;
				MTL_ENABLE_DEBUG_INFO = INCLUDE_SOURCE;
				MTL_FAST_MATH = YES;
				ONLY_ACTIVE_ARCH = YES;
				SDKROOT = macosx;
			};
			name = Debug;
		};
		5264B6442BD19F5E00730D3D /* Release */ = {
			isa = XCBuildConfiguration;
			buildSettings = {
				ALWAYS_SEARCH_USER_PATHS = NO;
				ASSETCATALOG_COMPILER_GENERATE_SWIFT_ASSET_SYMBOL_EXTENSIONS = YES;
				CLANG_ANALYZER_NONNULL = YES;
				CLANG_ANALYZER_NUMBER_OBJECT_CONVERSION = YES_AGGRESSIVE;
				CLANG_CXX_LANGUAGE_STANDARD = "gnu++20";
				CLANG_ENABLE_MODULES = YES;
				CLANG_ENABLE_OBJC_ARC = YES;
				CLANG_ENABLE_OBJC_WEAK = YES;
				CLANG_WARN_BLOCK_CAPTURE_AUTORELEASING = YES;
				CLANG_WARN_BOOL_CONVERSION = YES;
				CLANG_WARN_COMMA = YES;
				CLANG_WARN_CONSTANT_CONVERSION = YES;
				CLANG_WARN_DEPRECATED_OBJC_IMPLEMENTATIONS = YES;
				CLANG_WARN_DIRECT_OBJC_ISA_USAGE = YES_ERROR;
				CLANG_WARN_DOCUMENTATION_COMMENTS = YES;
				CLANG_WARN_EMPTY_BODY = YES;
				CLANG_WARN_ENUM_CONVERSION = YES;
				CLANG_WARN_INFINITE_RECURSION = YES;
				CLANG_WARN_INT_CONVERSION = YES;
				CLANG_WARN_NON_LITERAL_NULL_CONVERSION = YES;
				CLANG_WARN_OBJC_IMPLICIT_RETAIN_SELF = YES;
				CLANG_WARN_OBJC_LITERAL_CONVERSION = YES;
				CLANG_WARN_OBJC_ROOT_CLASS = YES_ERROR;
				CLANG_WARN_QUOTED_INCLUDE_IN_FRAMEWORK_HEADER = YES;
				CLANG_WARN_RANGE_LOOP_ANALYSIS = YES;
				CLANG_WARN_STRICT_PROTOTYPES = YES;
				CLANG_WARN_SUSPICIOUS_MOVE = YES;
				CLANG_WARN_UNGUARDED_AVAILABILITY = YES_AGGRESSIVE;
				CLANG_WARN_UNREACHABLE_CODE = YES;
				CLANG_WARN__DUPLICATE_METHOD_MATCH = YES;
				COPY_PHASE_STRIP = NO;
				DEBUG_INFORMATION_FORMAT = "dwarf-with-dsym";
				ENABLE_NS_ASSERTIONS = NO;
				ENABLE_STRICT_OBJC_MSGSEND = YES;
				ENABLE_USER_SCRIPT_SANDBOXING = YES;
				GCC_C_LANGUAGE_STANDARD = gnu17;
				GCC_NO_COMMON_BLOCKS = YES;
				GCC_WARN_64_TO_32_BIT_CONVERSION = YES;
				GCC_WARN_ABOUT_RETURN_TYPE = YES_ERROR;
				GCC_WARN_UNDECLARED_SELECTOR = YES;
				GCC_WARN_UNINITIALIZED_AUTOS = YES_AGGRESSIVE;
				GCC_WARN_UNUSED_FUNCTION = YES;
				GCC_WARN_UNUSED_VARIABLE = YES;
				LOCALIZATION_PREFERS_STRING_CATALOGS = YES;
				MACOSX_DEPLOYMENT_TARGET = 14.2;
				MTL_ENABLE_DEBUG_INFO = NO;
				MTL_FAST_MATH = YES;
				SDKROOT = macosx;
			};
			name = Release;
		};
		5264B6462BD19F5E00730D3D /* Debug */ = {
			isa = XCBuildConfiguration;
			buildSettings = {
				CODE_SIGN_STYLE = Automatic;
				HEADER_SEARCH_PATHS = "/Users/tk/documents/personal/imagefilters/src/**";
				LIBRARY_SEARCH_PATHS = "/Users/tk/documents/personal/imagefilters/src/**";
				PRODUCT_NAME = "$(TARGET_NAME)";
				SCAN_ALL_SOURCE_FILES_FOR_INCLUDES = YES;
			};
			name = Debug;
		};
		5264B6472BD19F5E00730D3D /* Release */ = {
			isa = XCBuildConfiguration;
			buildSettings = {
				CODE_SIGN_STYLE = Automatic;
				HEADER_SEARCH_PATHS = "/Users/tk/documents/personal/imagefilters/src/**";
				LIBRARY_SEARCH_PATHS = "/Users/tk/documents/personal/imagefilters/src/**";
				PRODUCT_NAME = "$(TARGET_NAME)";
				SCAN_ALL_SOURCE_FILES_FOR_INCLUDES = YES;
			};
			name = Release;
		};
/* End XCBuildConfiguration section */

/* Begin XCConfigurationList section */
		5264A92A2BD30FEF0032CECC /* Build configuration list for PBXNativeTarget "Filters" */ = {
			isa = XCConfigurationList;
			buildConfigurations = (
				5264A92B2BD30FEF0032CECC /* Debug */,
				5264A92C2BD30FEF0032CECC /* Release */,
			);
			defaultConfigurationIsVisible = 0;
			defaultConfigurationName = Debug;
		};
		5264A9352BD3102D0032CECC /* Build configuration list for PBXNativeTarget "src" */ = {
			isa = XCConfigurationList;
			buildConfigurations = (
				5264A9362BD3102D0032CECC /* Debug */,
				5264A9372BD3102D0032CECC /* Release */,
			);
			defaultConfigurationIsVisible = 0;
			defaultConfigurationName = Debug;
		};
		5264B6392BD19F5E00730D3D /* Build configuration list for PBXProject "ImageFilters" */ = {
			isa = XCConfigurationList;
			buildConfigurations = (
				5264B6432BD19F5E00730D3D /* Debug */,
				5264B6442BD19F5E00730D3D /* Release */,
			);
			defaultConfigurationIsVisible = 0;
			defaultConfigurationName = Debug;
		};
		5264B6452BD19F5E00730D3D /* Build configuration list for PBXNativeTarget "ImageFilters" */ = {
			isa = XCConfigurationList;
			buildConfigurations = (
				5264B6462BD19F5E00730D3D /* Debug */,
				5264B6472BD19F5E00730D3D /* Release */,
			);
			defaultConfigurationIsVisible = 0;
			defaultConfigurationName = Debug;
		};
/* End XCConfigurationList section */
	};
	rootObject = 5264B6362BD19F5E00730D3D /* Project object */;
}
